{
  "name": "regex-2-dfa",
  "version": "0.0.1",
  "lockfileVersion": 1,
  "requires": true,
  "dependencies": {
    "finite-automata": {
      "version": "git+https://github.com/jakedipity/finite-automata.git#7c29ee86183c633e2f6493b51bd4ec9c8ac27007",
      "from": "git+https://github.com/jakedipity/finite-automata.git"
    }
  }
}
